
Microsoft Visual Studio Solution File, Format Version 12.00
# Visual Studio Version 16
VisualStudioVersion = 16.0.31025.194
MinimumVisualStudioVersion = 10.0.40219.1
Project("{FAE04EC0-301F-11D3-BF4B-00C04F79EFBC}") = "calculator", "calculator\calculator.csproj", "{C542CC31-6A06-41EC-B963-2A4DCCEC0012}"
EndProject
Global
	GlobalSection(SolutionConfigurationPlatforms) = preSolution
		Debug|Any CPU = Debug|Any CPU
		Release|Any CPU = Release|Any CPU
	EndGlobalSection
	GlobalSection(ProjectConfigurationPlatforms) = postSolution
		{C542CC31-6A06-41EC-B963-2A4DCCEC0012}.Debug|Any CPU.ActiveCfg = Debug|Any CPU
		{C542CC31-6A06-41EC-B963-2A4DCCEC0012}.Debug|Any CPU.Build.0 = Debug|Any CPU
		{C542CC31-6A06-41EC-B963-2A4DCCEC0012}.Release|Any CPU.ActiveCfg = Release|Any CPU
		{C542CC31-6A06-41EC-B963-2A4DCCEC0012}.Release|Any CPU.Build.0 = Release|Any CPU
	EndGlobalSection
	GlobalSection(SolutionProperties) = preSolution
		HideSolutionNode = FALSE
	EndGlobalSection
	GlobalSection(ExtensibilityGlobals) = postSolution
		SolutionGuid = {D3FC5272-14EE-43F6-B4E5-261DEFBB3995}
	EndGlobalSection
EndGlobal
